
Microsoft Visual Studio Solution File, Format Version 11.00
# Visual Studio 2010
# SharpDevelop 5.1
Project("{FAE04EC0-301F-11D3-BF4B-00C04F79EFBC}") = "Atividade 6", "Atividade 6\Atividade 6.csproj", "{47C3AFC8-3141-4ECE-8893-29C38DE641B9}"
EndProject
Global
	GlobalSection(SolutionConfigurationPlatforms) = preSolution
		Debug|Any CPU = Debug|Any CPU
		Release|Any CPU = Release|Any CPU
	EndGlobalSection
	GlobalSection(ProjectConfigurationPlatforms) = postSolution
		{47C3AFC8-3141-4ECE-8893-29C38DE641B9}.Debug|Any CPU.ActiveCfg = Debug|Any CPU
		{47C3AFC8-3141-4ECE-8893-29C38DE641B9}.Debug|Any CPU.Build.0 = Debug|Any CPU
		{47C3AFC8-3141-4ECE-8893-29C38DE641B9}.Release|Any CPU.ActiveCfg = Release|Any CPU
		{47C3AFC8-3141-4ECE-8893-29C38DE641B9}.Release|Any CPU.Build.0 = Release|Any CPU
	EndGlobalSection
EndGlobal
