
Microsoft Visual Studio Solution File, Format Version 11.00
# Visual Studio 2010
# SharpDevelop 5.1
Project("{FAE04EC0-301F-11D3-BF4B-00C04F79EFBC}") = "Atividade 20 (Vetores - Nomes)", "Atividade 20 (Vetores - Nomes)\Atividade 20 (Vetores - Nomes).csproj", "{EFB4730F-58D5-4BC8-A1EF-AC5E24B7DFF6}"
EndProject
Global
	GlobalSection(SolutionConfigurationPlatforms) = preSolution
		Debug|Any CPU = Debug|Any CPU
		Release|Any CPU = Release|Any CPU
	EndGlobalSection
	GlobalSection(ProjectConfigurationPlatforms) = postSolution
		{EFB4730F-58D5-4BC8-A1EF-AC5E24B7DFF6}.Debug|Any CPU.ActiveCfg = Debug|Any CPU
		{EFB4730F-58D5-4BC8-A1EF-AC5E24B7DFF6}.Debug|Any CPU.Build.0 = Debug|Any CPU
		{EFB4730F-58D5-4BC8-A1EF-AC5E24B7DFF6}.Release|Any CPU.ActiveCfg = Release|Any CPU
		{EFB4730F-58D5-4BC8-A1EF-AC5E24B7DFF6}.Release|Any CPU.Build.0 = Release|Any CPU
	EndGlobalSection
EndGlobal
