
Microsoft Visual Studio Solution File, Format Version 11.00
# Visual Studio 2010
# SharpDevelop 5.1
Project("{FAE04EC0-301F-11D3-BF4B-00C04F79EFBC}") = "Atividade 14", "Atividade 14\Atividade 14.csproj", "{71A4A938-88B7-4882-AC35-E6D515339684}"
EndProject
Global
	GlobalSection(SolutionConfigurationPlatforms) = preSolution
		Debug|Any CPU = Debug|Any CPU
		Release|Any CPU = Release|Any CPU
	EndGlobalSection
	GlobalSection(ProjectConfigurationPlatforms) = postSolution
		{71A4A938-88B7-4882-AC35-E6D515339684}.Debug|Any CPU.ActiveCfg = Debug|Any CPU
		{71A4A938-88B7-4882-AC35-E6D515339684}.Debug|Any CPU.Build.0 = Debug|Any CPU
		{71A4A938-88B7-4882-AC35-E6D515339684}.Release|Any CPU.ActiveCfg = Release|Any CPU
		{71A4A938-88B7-4882-AC35-E6D515339684}.Release|Any CPU.Build.0 = Release|Any CPU
	EndGlobalSection
EndGlobal
