
Microsoft Visual Studio Solution File, Format Version 11.00
# Visual Studio 2010
# SharpDevelop 5.1
Project("{FAE04EC0-301F-11D3-BF4B-00C04F79EFBC}") = "Atividade 13", "Atividade 13\Atividade 13.csproj", "{15EA42D4-A1C0-4A71-9188-566ECF7C5B51}"
EndProject
Global
	GlobalSection(SolutionConfigurationPlatforms) = preSolution
		Debug|Any CPU = Debug|Any CPU
		Release|Any CPU = Release|Any CPU
	EndGlobalSection
	GlobalSection(ProjectConfigurationPlatforms) = postSolution
		{15EA42D4-A1C0-4A71-9188-566ECF7C5B51}.Debug|Any CPU.ActiveCfg = Debug|Any CPU
		{15EA42D4-A1C0-4A71-9188-566ECF7C5B51}.Debug|Any CPU.Build.0 = Debug|Any CPU
		{15EA42D4-A1C0-4A71-9188-566ECF7C5B51}.Release|Any CPU.ActiveCfg = Release|Any CPU
		{15EA42D4-A1C0-4A71-9188-566ECF7C5B51}.Release|Any CPU.Build.0 = Release|Any CPU
	EndGlobalSection
EndGlobal
