
Microsoft Visual Studio Solution File, Format Version 11.00
# Visual Studio 2010
# SharpDevelop 5.1
Project("{FAE04EC0-301F-11D3-BF4B-00C04F79EFBC}") = "Atividade 25 ()", "Atividade 25 ()\Atividade 25 ().csproj", "{D2B66384-F2AF-4EAF-91B2-E6DF255DAC8E}"
EndProject
Global
	GlobalSection(SolutionConfigurationPlatforms) = preSolution
		Debug|Any CPU = Debug|Any CPU
		Release|Any CPU = Release|Any CPU
	EndGlobalSection
	GlobalSection(ProjectConfigurationPlatforms) = postSolution
		{D2B66384-F2AF-4EAF-91B2-E6DF255DAC8E}.Debug|Any CPU.ActiveCfg = Debug|Any CPU
		{D2B66384-F2AF-4EAF-91B2-E6DF255DAC8E}.Debug|Any CPU.Build.0 = Debug|Any CPU
		{D2B66384-F2AF-4EAF-91B2-E6DF255DAC8E}.Release|Any CPU.ActiveCfg = Release|Any CPU
		{D2B66384-F2AF-4EAF-91B2-E6DF255DAC8E}.Release|Any CPU.Build.0 = Release|Any CPU
	EndGlobalSection
EndGlobal
