
Microsoft Visual Studio Solution File, Format Version 11.00
# Visual Studio 2010
# SharpDevelop 5.1
Project("{FAE04EC0-301F-11D3-BF4B-00C04F79EFBC}") = "Atividade 16 (Receita Federal)", "Atividade 16 (Receita Federal)\Atividade 16 (Receita Federal).csproj", "{4790FEE7-ACC1-4323-94B5-76760D0ADCFC}"
EndProject
Global
	GlobalSection(SolutionConfigurationPlatforms) = preSolution
		Debug|Any CPU = Debug|Any CPU
		Release|Any CPU = Release|Any CPU
	EndGlobalSection
	GlobalSection(ProjectConfigurationPlatforms) = postSolution
		{4790FEE7-ACC1-4323-94B5-76760D0ADCFC}.Debug|Any CPU.ActiveCfg = Debug|Any CPU
		{4790FEE7-ACC1-4323-94B5-76760D0ADCFC}.Debug|Any CPU.Build.0 = Debug|Any CPU
		{4790FEE7-ACC1-4323-94B5-76760D0ADCFC}.Release|Any CPU.ActiveCfg = Release|Any CPU
		{4790FEE7-ACC1-4323-94B5-76760D0ADCFC}.Release|Any CPU.Build.0 = Release|Any CPU
	EndGlobalSection
EndGlobal
