
Microsoft Visual Studio Solution File, Format Version 11.00
# Visual Studio 2010
# SharpDevelop 5.1
Project("{FAE04EC0-301F-11D3-BF4B-00C04F79EFBC}") = "Atividade 19 (Jogo da Forca)", "Atividade 19 (Jogo da Forca)\Atividade 19 (Jogo da Forca).csproj", "{82EAE801-7385-4559-9439-A25DA4263590}"
EndProject
Global
	GlobalSection(SolutionConfigurationPlatforms) = preSolution
		Debug|Any CPU = Debug|Any CPU
		Release|Any CPU = Release|Any CPU
	EndGlobalSection
	GlobalSection(ProjectConfigurationPlatforms) = postSolution
		{82EAE801-7385-4559-9439-A25DA4263590}.Debug|Any CPU.ActiveCfg = Debug|Any CPU
		{82EAE801-7385-4559-9439-A25DA4263590}.Debug|Any CPU.Build.0 = Debug|Any CPU
		{82EAE801-7385-4559-9439-A25DA4263590}.Release|Any CPU.ActiveCfg = Release|Any CPU
		{82EAE801-7385-4559-9439-A25DA4263590}.Release|Any CPU.Build.0 = Release|Any CPU
	EndGlobalSection
EndGlobal
