
Microsoft Visual Studio Solution File, Format Version 11.00
# Visual Studio 2010
# SharpDevelop 5.1
Project("{FAE04EC0-301F-11D3-BF4B-00C04F79EFBC}") = "Banco de Dados", "Banco de Dados.csproj", "{ACEF5266-6B2A-4CD1-9A8A-81B75FD54DF8}"
EndProject
Global
	GlobalSection(SolutionConfigurationPlatforms) = preSolution
		Debug|Any CPU = Debug|Any CPU
		Release|Any CPU = Release|Any CPU
	EndGlobalSection
	GlobalSection(ProjectConfigurationPlatforms) = postSolution
		{ACEF5266-6B2A-4CD1-9A8A-81B75FD54DF8}.Debug|Any CPU.ActiveCfg = Debug|Any CPU
		{ACEF5266-6B2A-4CD1-9A8A-81B75FD54DF8}.Debug|Any CPU.Build.0 = Debug|Any CPU
		{ACEF5266-6B2A-4CD1-9A8A-81B75FD54DF8}.Release|Any CPU.ActiveCfg = Release|Any CPU
		{ACEF5266-6B2A-4CD1-9A8A-81B75FD54DF8}.Release|Any CPU.Build.0 = Release|Any CPU
	EndGlobalSection
EndGlobal
