
Microsoft Visual Studio Solution File, Format Version 11.00
# Visual Studio 2010
# SharpDevelop 5.1
Project("{FAE04EC0-301F-11D3-BF4B-00C04F79EFBC}") = "Atividade 18 (Vetores)", "Atividade 18 (Vetores)\Atividade 18 (Vetores).csproj", "{19958A28-6689-4699-A325-5A185C9B6A5B}"
EndProject
Global
	GlobalSection(SolutionConfigurationPlatforms) = preSolution
		Debug|Any CPU = Debug|Any CPU
		Release|Any CPU = Release|Any CPU
	EndGlobalSection
	GlobalSection(ProjectConfigurationPlatforms) = postSolution
		{19958A28-6689-4699-A325-5A185C9B6A5B}.Debug|Any CPU.ActiveCfg = Debug|Any CPU
		{19958A28-6689-4699-A325-5A185C9B6A5B}.Debug|Any CPU.Build.0 = Debug|Any CPU
		{19958A28-6689-4699-A325-5A185C9B6A5B}.Release|Any CPU.ActiveCfg = Release|Any CPU
		{19958A28-6689-4699-A325-5A185C9B6A5B}.Release|Any CPU.Build.0 = Release|Any CPU
	EndGlobalSection
EndGlobal
