
Microsoft Visual Studio Solution File, Format Version 11.00
# Visual Studio 2010
# SharpDevelop 5.1
Project("{FAE04EC0-301F-11D3-BF4B-00C04F79EFBC}") = "Atividade 8,1", "Atividade 8,1\Atividade 8,1.csproj", "{C940A698-BAFA-4BDF-AD53-5B172101A51D}"
EndProject
Global
	GlobalSection(SolutionConfigurationPlatforms) = preSolution
		Debug|Any CPU = Debug|Any CPU
		Release|Any CPU = Release|Any CPU
	EndGlobalSection
	GlobalSection(ProjectConfigurationPlatforms) = postSolution
		{C940A698-BAFA-4BDF-AD53-5B172101A51D}.Debug|Any CPU.ActiveCfg = Debug|Any CPU
		{C940A698-BAFA-4BDF-AD53-5B172101A51D}.Debug|Any CPU.Build.0 = Debug|Any CPU
		{C940A698-BAFA-4BDF-AD53-5B172101A51D}.Release|Any CPU.ActiveCfg = Release|Any CPU
		{C940A698-BAFA-4BDF-AD53-5B172101A51D}.Release|Any CPU.Build.0 = Release|Any CPU
	EndGlobalSection
EndGlobal
