
Microsoft Visual Studio Solution File, Format Version 11.00
# Visual Studio 2010
# SharpDevelop 5.1
Project("{FAE04EC0-301F-11D3-BF4B-00C04F79EFBC}") = "Atividade 26 (Varejo)", "Atividade 26 (Varejo)\Atividade 26 (Varejo).csproj", "{37C3B6C4-1B82-47AE-9DA2-1B36F42B80BD}"
EndProject
Global
	GlobalSection(SolutionConfigurationPlatforms) = preSolution
		Debug|Any CPU = Debug|Any CPU
		Release|Any CPU = Release|Any CPU
	EndGlobalSection
	GlobalSection(ProjectConfigurationPlatforms) = postSolution
		{37C3B6C4-1B82-47AE-9DA2-1B36F42B80BD}.Debug|Any CPU.ActiveCfg = Debug|Any CPU
		{37C3B6C4-1B82-47AE-9DA2-1B36F42B80BD}.Debug|Any CPU.Build.0 = Debug|Any CPU
		{37C3B6C4-1B82-47AE-9DA2-1B36F42B80BD}.Release|Any CPU.ActiveCfg = Release|Any CPU
		{37C3B6C4-1B82-47AE-9DA2-1B36F42B80BD}.Release|Any CPU.Build.0 = Release|Any CPU
	EndGlobalSection
EndGlobal
